
Microsoft Visual Studio Solution File, Format Version 12.00
# Visual Studio Version 17
VisualStudioVersion = 17.4.33213.308
MinimumVisualStudioVersion = 10.0.40219.1
Project("{FAE04EC0-301F-11D3-BF4B-00C04F79EFBC}") = "paymentgateway", "paymentgateway.csproj", "{E2CDE0AB-0032-4BBF-B7C6-E8A41FEEA8F8}"
EndProject
Global
	GlobalSection(SolutionConfigurationPlatforms) = preSolution
		Debug|Any CPU = Debug|Any CPU
		Release|Any CPU = Release|Any CPU
	EndGlobalSection
	GlobalSection(ProjectConfigurationPlatforms) = postSolution
		{E2CDE0AB-0032-4BBF-B7C6-E8A41FEEA8F8}.Debug|Any CPU.ActiveCfg = Debug|Any CPU
		{E2CDE0AB-0032-4BBF-B7C6-E8A41FEEA8F8}.Debug|Any CPU.Build.0 = Debug|Any CPU
		{E2CDE0AB-0032-4BBF-B7C6-E8A41FEEA8F8}.Release|Any CPU.ActiveCfg = Release|Any CPU
		{E2CDE0AB-0032-4BBF-B7C6-E8A41FEEA8F8}.Release|Any CPU.Build.0 = Release|Any CPU
	EndGlobalSection
	GlobalSection(SolutionProperties) = preSolution
		HideSolutionNode = FALSE
	EndGlobalSection
	GlobalSection(ExtensibilityGlobals) = postSolution
		SolutionGuid = {36EF57AC-96A9-4D9C-897B-2F46228E29D5}
	EndGlobalSection
EndGlobal
